{
  "version": 4,
  "terraform_version": "1.2.5",
  "serial": 37,
  "lineage": "d3fa4ed6-f0bf-a46a-099a-b0315f8070a1",
  "outputs": {},
  "resources": [
    {
      "mode": "managed",
      "type": "intersight_appliance_device_claim",
      "name": "intersight_imc_claim",
      "provider": "provider[\"registry.terraform.io/ciscodevnet/intersight\"]",
      "instances": [
        {
          "index_key": "172.20.100.11",
          "schema_version": 0,
          "attributes": {
            "account": [
              {
                "additional_properties": "",
                "class_id": "mo.MoRef",
                "moid": "6273ddc07564612d30091b97",
                "object_type": "iam.Account",
                "selector": ""
              }
            ],
            "account_moid": "6273ddc07564612d30091b97",
            "additional_properties": "",
            "ancestors": [],
            "class_id": "appliance.DeviceClaim",
            "create_time": "2022-08-12 01:42:16.412 +0000 UTC",
            "device_id": "",
            "domain_group_moid": "6273ddc07564612d30091b98",
            "hostname": "172.20.100.11",
            "id": "62f5aff8616e652d301fde57",
            "is_password_set": true,
            "is_renew": false,
            "message": "",
            "mod_time": "2022-08-12 01:42:16.412 +0000 UTC",
            "moid": "62f5aff8616e652d301fde57",
            "object_type": "appliance.DeviceClaim",
            "owners": [
              "6273ddc07564612d30091b97"
            ],
            "parent": [],
            "password": "DEVP@ssw0rd",
            "permission_resources": [],
            "platform_type": "IMC",
            "request_id": "1660268536349349009",
            "reservation": [],
            "security_token": "",
            "shared_scope": "",
            "status": "started",
            "tags": [],
            "username": "admin",
            "version_context": []
          },
          "sensitive_attributes": [],
          "private": "bnVsbA=="
        },
        {
          "index_key": "172.20.100.12",
          "schema_version": 0,
          "attributes": {
            "account": [
              {
                "additional_properties": "",
                "class_id": "mo.MoRef",
                "moid": "6273ddc07564612d30091b97",
                "object_type": "iam.Account",
                "selector": ""
              }
            ],
            "account_moid": "6273ddc07564612d30091b97",
            "additional_properties": "",
            "ancestors": [],
            "class_id": "appliance.DeviceClaim",
            "create_time": "2022-08-12 01:42:16.294 +0000 UTC",
            "device_id": "",
            "domain_group_moid": "6273ddc07564612d30091b98",
            "hostname": "172.20.100.12",
            "id": "62f5aff8616e652d301fde4d",
            "is_password_set": true,
            "is_renew": false,
            "message": "",
            "mod_time": "2022-08-12 01:42:16.294 +0000 UTC",
            "moid": "62f5aff8616e652d301fde4d",
            "object_type": "appliance.DeviceClaim",
            "owners": [
              "6273ddc07564612d30091b97"
            ],
            "parent": [],
            "password": "DEVP@ssw0rd",
            "permission_resources": [],
            "platform_type": "IMC",
            "request_id": "1660268536239849076",
            "reservation": [],
            "security_token": "",
            "shared_scope": "",
            "status": "started",
            "tags": [],
            "username": "admin",
            "version_context": []
          },
          "sensitive_attributes": [],
          "private": "bnVsbA=="
        },
        {
          "index_key": "172.20.100.13",
          "schema_version": 0,
          "attributes": {
            "account": [
              {
                "additional_properties": "",
                "class_id": "mo.MoRef",
                "moid": "6273ddc07564612d30091b97",
                "object_type": "iam.Account",
                "selector": ""
              }
            ],
            "account_moid": "6273ddc07564612d30091b97",
            "additional_properties": "",
            "ancestors": [],
            "class_id": "appliance.DeviceClaim",
            "create_time": "2022-08-12 01:42:16.658 +0000 UTC",
            "device_id": "",
            "domain_group_moid": "6273ddc07564612d30091b98",
            "hostname": "172.20.100.13",
            "id": "62f5aff8616e652d301fde6b",
            "is_password_set": true,
            "is_renew": false,
            "message": "",
            "mod_time": "2022-08-12 01:42:16.659 +0000 UTC",
            "moid": "62f5aff8616e652d301fde6b",
            "object_type": "appliance.DeviceClaim",
            "owners": [
              "6273ddc07564612d30091b97"
            ],
            "parent": [],
            "password": "DEVP@ssw0rd",
            "permission_resources": [],
            "platform_type": "IMC",
            "request_id": "1660268536549452073",
            "reservation": [],
            "security_token": "",
            "shared_scope": "",
            "status": "started",
            "tags": [],
            "username": "admin",
            "version_context": []
          },
          "sensitive_attributes": [],
          "private": "bnVsbA=="
        },
        {
          "index_key": "172.20.106.11",
          "schema_version": 0,
          "attributes": {
            "account": [
              {
                "additional_properties": "",
                "class_id": "mo.MoRef",
                "moid": "6273ddc07564612d30091b97",
                "object_type": "iam.Account",
                "selector": ""
              }
            ],
            "account_moid": "6273ddc07564612d30091b97",
            "additional_properties": "",
            "ancestors": [],
            "class_id": "appliance.DeviceClaim",
            "create_time": "2022-08-12 01:42:16.507 +0000 UTC",
            "device_id": "",
            "domain_group_moid": "6273ddc07564612d30091b98",
            "hostname": "172.20.106.11",
            "id": "62f5aff8616e652d301fde61",
            "is_password_set": true,
            "is_renew": false,
            "message": "",
            "mod_time": "2022-08-12 01:42:16.507 +0000 UTC",
            "moid": "62f5aff8616e652d301fde61",
            "object_type": "appliance.DeviceClaim",
            "owners": [
              "6273ddc07564612d30091b97"
            ],
            "parent": [],
            "password": "DEVP@ssw0rd",
            "permission_resources": [],
            "platform_type": "IMC",
            "request_id": "1660268536453635470",
            "reservation": [],
            "security_token": "",
            "shared_scope": "",
            "status": "started",
            "tags": [],
            "username": "admin",
            "version_context": []
          },
          "sensitive_attributes": [],
          "private": "bnVsbA=="
        },
        {
          "index_key": "172.20.106.12",
          "schema_version": 0,
          "attributes": {
            "account": [
              {
                "additional_properties": "",
                "class_id": "mo.MoRef",
                "moid": "6273ddc07564612d30091b97",
                "object_type": "iam.Account",
                "selector": ""
              }
            ],
            "account_moid": "6273ddc07564612d30091b97",
            "additional_properties": "",
            "ancestors": [],
            "class_id": "appliance.DeviceClaim",
            "create_time": "2022-08-12 01:42:16.184 +0000 UTC",
            "device_id": "",
            "domain_group_moid": "6273ddc07564612d30091b98",
            "hostname": "172.20.106.12",
            "id": "62f5aff8616e652d301fde43",
            "is_password_set": true,
            "is_renew": false,
            "message": "",
            "mod_time": "2022-08-12 01:42:16.185 +0000 UTC",
            "moid": "62f5aff8616e652d301fde43",
            "object_type": "appliance.DeviceClaim",
            "owners": [
              "6273ddc07564612d30091b97"
            ],
            "parent": [],
            "password": "DEVP@ssw0rd",
            "permission_resources": [],
            "platform_type": "IMC",
            "request_id": "1660268536100370853",
            "reservation": [],
            "security_token": "",
            "shared_scope": "",
            "status": "started",
            "tags": [],
            "username": "admin",
            "version_context": []
          },
          "sensitive_attributes": [],
          "private": "bnVsbA=="
        },
        {
          "index_key": "172.20.106.13",
          "schema_version": 0,
          "attributes": {
            "account": [
              {
                "additional_properties": "",
                "class_id": "mo.MoRef",
                "moid": "6273ddc07564612d30091b97",
                "object_type": "iam.Account",
                "selector": ""
              }
            ],
            "account_moid": "6273ddc07564612d30091b97",
            "additional_properties": "",
            "ancestors": [],
            "class_id": "appliance.DeviceClaim",
            "create_time": "2022-08-12 01:42:16.03 +0000 UTC",
            "device_id": "",
            "domain_group_moid": "6273ddc07564612d30091b98",
            "hostname": "172.20.106.13",
            "id": "62f5aff7616e652d301fde38",
            "is_password_set": true,
            "is_renew": false,
            "message": "",
            "mod_time": "2022-08-12 01:42:16.031 +0000 UTC",
            "moid": "62f5aff7616e652d301fde38",
            "object_type": "appliance.DeviceClaim",
            "owners": [
              "6273ddc07564612d30091b97"
            ],
            "parent": [],
            "password": "DEVP@ssw0rd",
            "permission_resources": [],
            "platform_type": "IMC",
            "request_id": "1660268535935144372",
            "reservation": [],
            "security_token": "",
            "shared_scope": "",
            "status": "started",
            "tags": [],
            "username": "admin",
            "version_context": []
          },
          "sensitive_attributes": [],
          "private": "bnVsbA=="
        }
      ]
    }
  ]
}
