{
  "version": 4,
  "terraform_version": "1.2.5",
  "serial": 3,
  "lineage": "d3fa4ed6-f0bf-a46a-099a-b0315f8070a1",
  "outputs": {},
  "resources": [
    {
      "mode": "managed",
      "type": "intersight_appliance_device_claim",
      "name": "intersight_imc_claim",
      "provider": "provider[\"registry.terraform.io/ciscodevnet/intersight\"]",
      "instances": [
        {
          "schema_version": 0,
          "attributes": {
            "account": [
              {
                "additional_properties": "",
                "class_id": "mo.MoRef",
                "moid": "6273ddc07564612d30091b97",
                "object_type": "iam.Account",
                "selector": ""
              }
            ],
            "account_moid": "6273ddc07564612d30091b97",
            "additional_properties": "",
            "ancestors": [],
            "class_id": "appliance.DeviceClaim",
            "create_time": "2022-08-11 18:11:48.094 +0000 UTC",
            "device_id": "",
            "domain_group_moid": "6273ddc07564612d30091b98",
            "hostname": "172.20.100.11",
            "id": "62f54663616e652d3094c7a8",
            "is_password_set": true,
            "is_renew": false,
            "message": "",
            "mod_time": "2022-08-11 18:11:48.095 +0000 UTC",
            "moid": "62f54663616e652d3094c7a8",
            "object_type": "appliance.DeviceClaim",
            "owners": [
              "6273ddc07564612d30091b97"
            ],
            "parent": [],
            "password": "DEVP@ssw0rd",
            "permission_resources": [],
            "platform_type": "IMC",
            "request_id": "1660241507535236572",
            "reservation": [],
            "security_token": "",
            "shared_scope": "",
            "status": "started",
            "tags": [],
            "username": "admin",
            "version_context": []
          },
          "sensitive_attributes": [],
          "private": "bnVsbA=="
        }
      ]
    }
  ]
}
