{
  "version": 4,
  "terraform_version": "1.2.5",
  "serial": 35,
  "lineage": "1307067f-ad5d-3fc7-e670-ce7d9eaafc2d",
  "outputs": {},
  "resources": [
    {
      "mode": "data",
      "type": "intersight_organization_organization",
      "name": "org_data",
      "provider": "provider[\"registry.terraform.io/ciscodevnet/intersight\"]",
      "instances": [
        {
          "schema_version": 0,
          "attributes": {
            "account": null,
            "account_moid": null,
            "additional_properties": null,
            "ancestors": null,
            "class_id": null,
            "create_time": null,
            "description": null,
            "domain_group_moid": null,
            "id": "6273e3fd6972652d3030ae8d",
            "mod_time": null,
            "moid": null,
            "name": "default",
            "object_type": null,
            "owners": null,
            "parent": null,
            "permission_resources": null,
            "resource_groups": null,
            "results": [
              {
                "account": [
                  {
                    "additional_properties": "",
                    "class_id": "mo.MoRef",
                    "moid": "6273ddc07564612d30091b97",
                    "object_type": "iam.Account",
                    "selector": ""
                  }
                ],
                "account_moid": "6273ddc07564612d30091b97",
                "additional_properties": "",
                "ancestors": [],
                "class_id": "organization.Organization",
                "create_time": "2022-05-05 14:49:33.794 +0000 UTC",
                "description": "User in a Default Organization automatically has access to all the resources available for the User Account. If required, a User with Account Administrator privileges can remove resources from the default organization.",
                "domain_group_moid": "6273ddc07564612d30091b98",
                "mod_time": "2022-05-05 14:49:33.798 +0000 UTC",
                "moid": "6273e3fd6972652d3030ae8d",
                "name": "default",
                "object_type": "organization.Organization",
                "owners": [
                  "6273ddc07564612d30091b97"
                ],
                "parent": [],
                "permission_resources": [
                  {
                    "additional_properties": "",
                    "class_id": "mo.MoRef",
                    "moid": "6273e3fd6972652d3030ae8d",
                    "object_type": "organization.Organization",
                    "selector": ""
                  }
                ],
                "resource_groups": [
                  {
                    "additional_properties": "",
                    "class_id": "mo.MoRef",
                    "moid": "6273e3fd6972652d3030ae24",
                    "object_type": "resource.Group",
                    "selector": ""
                  }
                ],
                "shared_scope": "",
                "tags": [],
                "version_context": []
              }
            ],
            "shared_scope": null,
            "tags": null,
            "version_context": null
          },
          "sensitive_attributes": []
        }
      ]
    },
    {
      "mode": "managed",
      "type": "intersight_hyperflex_auto_support_policy",
      "name": "hx_auto_support_policy",
      "provider": "provider[\"registry.terraform.io/ciscodevnet/intersight\"]",
      "instances": [
        {
          "schema_version": 0,
          "attributes": {
            "account_moid": "6273ddc07564612d30091b97",
            "additional_properties": "{\"AccountMoid\":\"6273ddc07564612d30091b97\",\"Ancestors\":[],\"CreateTime\":\"2022-08-18T12:30:35.527Z\",\"DomainGroupMoid\":\"6273ddc07564612d30091b98\",\"ModTime\":\"2022-08-18T15:05:34.575Z\",\"Moid\":\"62fe30eb6973682d30f8484a\",\"Owners\":[\"6273ddc07564612d30091b97\"],\"PermissionResources\":[{\"ClassId\":\"mo.MoRef\",\"Moid\":\"6273e3fd6972652d3030ae8d\",\"ObjectType\":\"organization.Organization\",\"link\":\"https://qa-intersight.thor.iws.navy.mil/api/v1/organization/Organizations/6273e3fd6972652d3030ae8d\"}],\"SharedScope\":\"\",\"Tags\":[{\"Key\":\"cisco.meta.managementplatform.fi\",\"Value\":\"true\"},{\"Key\":\"cisco.meta.managementplatform.standalone\",\"Value\":\"true\"},{\"Key\":\"cisco.meta.attachableserviceobject.hyperflex.ClusterProfile\",\"Value\":\"true\"},{\"Key\":\"hx\",\"Value\":\"m4\"}]}",
            "admin_state": false,
            "ancestors": [],
            "class_id": "hyperflex.AutoSupportPolicy",
            "cluster_profiles": [
              {
                "additional_properties": "",
                "class_id": "mo.MoRef",
                "moid": "62fe553e6973682d30f348d1",
                "object_type": "hyperflex.ClusterProfile",
                "selector": ""
              }
            ],
            "create_time": "2022-08-18 12:30:35.527 +0000 UTC",
            "description": "Auto Support Policy",
            "domain_group_moid": "6273ddc07564612d30091b98",
            "id": "62fe30eb6973682d30f8484a",
            "mod_time": "2022-08-18 15:05:34.575 +0000 UTC",
            "moid": "62fe30eb6973682d30f8484a",
            "name": "dev-hx-m4-auto-support",
            "object_type": "hyperflex.AutoSupportPolicy",
            "organization": [
              {
                "additional_properties": "",
                "class_id": "mo.MoRef",
                "moid": "6273e3fd6972652d3030ae8d",
                "object_type": "organization.Organization",
                "selector": ""
              }
            ],
            "owners": [
              "6273ddc07564612d30091b97"
            ],
            "parent": [],
            "permission_resources": [
              {
                "additional_properties": "",
                "class_id": "mo.MoRef",
                "moid": "6273e3fd6972652d3030ae8d",
                "object_type": "organization.Organization",
                "selector": ""
              }
            ],
            "service_ticket_receipient": "thor@thor.iws.navy.mil",
            "shared_scope": "",
            "tags": [
              {
                "additional_properties": "",
                "key": "cisco.meta.managementplatform.fi",
                "value": "true"
              },
              {
                "additional_properties": "",
                "key": "cisco.meta.managementplatform.standalone",
                "value": "true"
              },
              {
                "additional_properties": "",
                "key": "cisco.meta.attachableserviceobject.hyperflex.ClusterProfile",
                "value": "true"
              },
              {
                "additional_properties": "",
                "key": "hx",
                "value": "m4"
              }
            ],
            "version_context": []
          },
          "sensitive_attributes": [],
          "private": "bnVsbA==",
          "dependencies": [
            "data.intersight_organization_organization.org_data"
          ]
        }
      ]
    },
    {
      "mode": "managed",
      "type": "intersight_hyperflex_cluster_network_policy",
      "name": "hx_network_config_policy",
      "provider": "provider[\"registry.terraform.io/ciscodevnet/intersight\"]",
      "instances": [
        {
          "schema_version": 0,
          "attributes": {
            "account_moid": "6273ddc07564612d30091b97",
            "additional_properties": "{\"AccountMoid\":\"6273ddc07564612d30091b97\",\"Ancestors\":[],\"CreateTime\":\"2022-08-18T12:30:35.342Z\",\"DomainGroupMoid\":\"6273ddc07564612d30091b98\",\"ModTime\":\"2022-08-18T15:05:34.65Z\",\"Moid\":\"62fe30eb6973682d30f84835\",\"Owners\":[\"6273ddc07564612d30091b97\"],\"PermissionResources\":[{\"ClassId\":\"mo.MoRef\",\"Moid\":\"6273e3fd6972652d3030ae8d\",\"ObjectType\":\"organization.Organization\",\"link\":\"https://qa-intersight.thor.iws.navy.mil/api/v1/organization/Organizations/6273e3fd6972652d3030ae8d\"}],\"SharedScope\":\"\",\"Tags\":[{\"Key\":\"cisco.meta.managementplatform.standalone\",\"Value\":\"true\"},{\"Key\":\"cisco.meta.attachableserviceobject.hyperflex.ClusterProfile\",\"Value\":\"true\"},{\"Key\":\"cisco.meta.config.expansion\",\"Value\":\"true\"},{\"Key\":\"hx\",\"Value\":\"m4\"}]}",
            "ancestors": [],
            "class_id": "hyperflex.ClusterNetworkPolicy",
            "cluster_profiles": [
              {
                "additional_properties": "",
                "class_id": "mo.MoRef",
                "moid": "62fe553e6973682d30f348d1",
                "object_type": "hyperflex.ClusterProfile",
                "selector": ""
              }
            ],
            "create_time": "2022-08-18 12:30:35.342 +0000 UTC",
            "description": "HX Network Config Policy",
            "domain_group_moid": "6273ddc07564612d30091b98",
            "id": "62fe30eb6973682d30f84835",
            "jumbo_frame": true,
            "kvm_ip_range": [
              {
                "additional_properties": "",
                "class_id": "hyperflex.IpAddrRange",
                "end_addr": "",
                "gateway": "",
                "ip_addr_blocks": [],
                "netmask": "",
                "object_type": "hyperflex.IpAddrRange",
                "start_addr": ""
              }
            ],
            "mac_prefix_range": [
              {
                "additional_properties": "",
                "class_id": "hyperflex.MacAddrPrefixRange",
                "end_addr": "00:25:B5:BB",
                "object_type": "hyperflex.MacAddrPrefixRange",
                "start_addr": "00:25:B5:AA"
              }
            ],
            "mgmt_vlan": [
              {
                "additional_properties": "",
                "class_id": "hyperflex.NamedVlan",
                "name": "VLAN1200",
                "object_type": "hyperflex.NamedVlan",
                "vlan_id": 1200
              }
            ],
            "mod_time": "2022-08-18 15:05:34.65 +0000 UTC",
            "moid": "62fe30eb6973682d30f84835",
            "name": "dev-hx-m4_network_config",
            "object_type": "hyperflex.ClusterNetworkPolicy",
            "organization": [
              {
                "additional_properties": "",
                "class_id": "mo.MoRef",
                "moid": "6273e3fd6972652d3030ae8d",
                "object_type": "organization.Organization",
                "selector": ""
              }
            ],
            "owners": [
              "6273ddc07564612d30091b97"
            ],
            "parent": [],
            "permission_resources": [
              {
                "additional_properties": "",
                "class_id": "mo.MoRef",
                "moid": "6273e3fd6972652d3030ae8d",
                "object_type": "organization.Organization",
                "selector": ""
              }
            ],
            "shared_scope": "",
            "tags": [
              {
                "additional_properties": "",
                "key": "cisco.meta.managementplatform.standalone",
                "value": "true"
              },
              {
                "additional_properties": "",
                "key": "cisco.meta.attachableserviceobject.hyperflex.ClusterProfile",
                "value": "true"
              },
              {
                "additional_properties": "",
                "key": "cisco.meta.config.expansion",
                "value": "true"
              },
              {
                "additional_properties": "",
                "key": "hx",
                "value": "m4"
              }
            ],
            "uplink_speed": "10G",
            "version_context": [],
            "vm_migration_vlan": [
              {
                "additional_properties": "",
                "class_id": "hyperflex.NamedVlan",
                "name": "",
                "object_type": "hyperflex.NamedVlan",
                "vlan_id": 0
              }
            ],
            "vm_network_vlans": []
          },
          "sensitive_attributes": [],
          "private": "bnVsbA==",
          "dependencies": [
            "data.intersight_organization_organization.org_data"
          ]
        }
      ]
    },
    {
      "mode": "managed",
      "type": "intersight_hyperflex_cluster_profile",
      "name": "hx_cluster_profile",
      "provider": "provider[\"registry.terraform.io/ciscodevnet/intersight\"]",
      "instances": [
        {
          "schema_version": 0,
          "attributes": {
            "account_moid": "6273ddc07564612d30091b97",
            "action": "No-op",
            "action_params": [],
            "additional_properties": "{\"AccountMoid\":\"6273ddc07564612d30091b97\",\"Ancestors\":[],\"CreateTime\":\"2022-08-18T15:05:34.649Z\",\"Description\":\"dev-hx-m4 HX Cluster Profile\",\"DomainGroupMoid\":\"6273ddc07564612d30091b98\",\"ModTime\":\"2022-08-18T16:03:21.91Z\",\"Moid\":\"62fe553e6973682d30f348d1\",\"Name\":\"dev-hx-m4\",\"Owners\":[\"6273ddc07564612d30091b97\"],\"PermissionResources\":[{\"ClassId\":\"mo.MoRef\",\"Moid\":\"6273e3fd6972652d3030ae8d\",\"ObjectType\":\"organization.Organization\",\"link\":\"https://qa-intersight.thor.iws.navy.mil/api/v1/organization/Organizations/6273e3fd6972652d3030ae8d\"}],\"SharedScope\":\"\",\"SrcTemplate\":null,\"Tags\":[{\"Key\":\"hx\",\"Value\":\"m4\"}],\"Type\":\"instance\"}",
            "ancestors": [],
            "associated_cluster": [],
            "associated_compute_cluster": [],
            "auto_support": [
              {
                "additional_properties": "",
                "class_id": "mo.MoRef",
                "moid": "62fe30eb6973682d30f8484a",
                "object_type": "hyperflex.AutoSupportPolicy",
                "selector": ""
              }
            ],
            "class_id": "hyperflex.ClusterProfile",
            "cluster_internal_subnet": [
              {
                "additional_properties": "",
                "class_id": "comm.IpV4Interface",
                "gateway": "",
                "ip_address": "",
                "netmask": "",
                "object_type": "comm.IpV4Interface"
              }
            ],
            "cluster_network": [
              {
                "additional_properties": "",
                "class_id": "mo.MoRef",
                "moid": "62fe30eb6973682d30f84835",
                "object_type": "hyperflex.ClusterNetworkPolicy",
                "selector": ""
              }
            ],
            "cluster_storage": [
              {
                "additional_properties": "",
                "class_id": "mo.MoRef",
                "moid": "62fe30eb6973682d30f84826",
                "object_type": "hyperflex.ClusterStoragePolicy",
                "selector": ""
              }
            ],
            "config_context": [
              {
                "additional_properties": "",
                "class_id": "policy.ConfigContext",
                "config_state": "Not-assigned",
                "config_type": "",
                "control_action": "No-op",
                "error_state": "",
                "object_type": "policy.ConfigContext",
                "oper_state": ""
              }
            ],
            "config_result": [
              {
                "additional_properties": "",
                "class_id": "mo.MoRef",
                "moid": "62fe553e6973682d30f348d3",
                "object_type": "hyperflex.ConfigResult",
                "selector": ""
              }
            ],
            "create_time": "2022-08-18 15:05:34.649 +0000 UTC",
            "data_ip_address": "169.254.1.1",
            "description": "dev-hx-m4 HX Cluster Profile",
            "domain_group_moid": "6273ddc07564612d30091b98",
            "ext_fc_storage": [],
            "ext_iscsi_storage": [],
            "host_name_prefix": "dev-hx-m4",
            "httpproxypolicy": [],
            "hypervisor_control_ip_address": "",
            "hypervisor_type": "ESXi",
            "id": "62fe553e6973682d30f348d1",
            "local_credential": [
              {
                "additional_properties": "",
                "class_id": "mo.MoRef",
                "moid": "62fe30ea6973682d30f84816",
                "object_type": "hyperflex.LocalCredentialPolicy",
                "selector": ""
              }
            ],
            "mac_address_prefix": "00:25:B5:EF",
            "mgmt_ip_address": "172.16.114.10",
            "mgmt_platform": "EDGE",
            "mod_time": "2022-08-18 16:03:21.91 +0000 UTC",
            "moid": "62fe553e6973682d30f348d1",
            "name": "dev-hx-m4",
            "node_config": [
              {
                "additional_properties": "",
                "class_id": "mo.MoRef",
                "moid": "62fe30eb6973682d30f8483a",
                "object_type": "hyperflex.NodeConfigPolicy",
                "selector": ""
              }
            ],
            "node_profile_config": [],
            "object_type": "hyperflex.ClusterProfile",
            "organization": [
              {
                "additional_properties": "",
                "class_id": "mo.MoRef",
                "moid": "6273e3fd6972652d3030ae8d",
                "object_type": "organization.Organization",
                "selector": ""
              }
            ],
            "owners": [
              "6273ddc07564612d30091b97"
            ],
            "parent": [],
            "permission_resources": [
              {
                "additional_properties": "",
                "class_id": "mo.MoRef",
                "moid": "6273e3fd6972652d3030ae8d",
                "object_type": "organization.Organization",
                "selector": ""
              }
            ],
            "policy_bucket": [],
            "proxy_setting": [
              {
                "additional_properties": "",
                "class_id": "mo.MoRef",
                "moid": "62fe30eb6973682d30f8484f",
                "object_type": "hyperflex.ProxySettingPolicy",
                "selector": ""
              }
            ],
            "replication": 3,
            "running_workflows": [],
            "shared_scope": "",
            "software_version": [
              {
                "additional_properties": "",
                "class_id": "mo.MoRef",
                "moid": "62fe553e6973682d30f348c6",
                "object_type": "hyperflex.SoftwareVersionPolicy",
                "selector": ""
              }
            ],
            "src_template": [],
            "storage_client_ip_address": "169.254.240.1",
            "storage_client_netmask": "255.255.248.0",
            "storage_client_vlan": [
              {
                "additional_properties": "",
                "class_id": "hyperflex.NamedVlan",
                "name": "",
                "object_type": "hyperflex.NamedVlan",
                "vlan_id": 0
              }
            ],
            "storage_cluster_auxiliary_ip": "",
            "storage_data_vlan": [
              {
                "additional_properties": "",
                "class_id": "hyperflex.NamedVlan",
                "name": "VLAN1201",
                "object_type": "hyperflex.NamedVlan",
                "vlan_id": 1201
              }
            ],
            "storage_type": "HyperFlexDp",
            "sys_config": [
              {
                "additional_properties": "",
                "class_id": "mo.MoRef",
                "moid": "62fe30eb6973682d30f8482b",
                "object_type": "hyperflex.SysConfigPolicy",
                "selector": ""
              }
            ],
            "tags": [
              {
                "additional_properties": "",
                "key": "hx",
                "value": "m4"
              }
            ],
            "type": "instance",
            "ucsm_config": [],
            "vcenter_config": [
              {
                "additional_properties": "",
                "class_id": "mo.MoRef",
                "moid": "62fe30eb6973682d30f8483f",
                "object_type": "hyperflex.VcenterConfigPolicy",
                "selector": ""
              }
            ],
            "version_context": [],
            "wait_for_completion": true,
            "wwxn_prefix": ""
          },
          "sensitive_attributes": [],
          "private": "bnVsbA==",
          "dependencies": [
            "data.intersight_organization_organization.org_data",
            "intersight_hyperflex_auto_support_policy.hx_auto_support_policy",
            "intersight_hyperflex_cluster_network_policy.hx_network_config_policy",
            "intersight_hyperflex_cluster_storage_policy.hx_storage_config_policy",
            "intersight_hyperflex_local_credential_policy.hx_local_credential_policy",
            "intersight_hyperflex_node_config_policy.hx_node_config_policy",
            "intersight_hyperflex_proxy_setting_policy.hx_proxy_setting_policy",
            "intersight_hyperflex_software_version_policy.hx_software_version_policy",
            "intersight_hyperflex_sys_config_policy.hx_sys_config_policy",
            "intersight_hyperflex_vcenter_config_policy.hx_vcenter_policy"
          ]
        }
      ]
    },
    {
      "mode": "managed",
      "type": "intersight_hyperflex_cluster_replication_network_policy",
      "name": "hx_replication_network_policy",
      "provider": "provider[\"registry.terraform.io/ciscodevnet/intersight\"]",
      "instances": [
        {
          "schema_version": 0,
          "attributes": {
            "account_moid": "6273ddc07564612d30091b97",
            "additional_properties": "{\"AccountMoid\":\"6273ddc07564612d30091b97\",\"Ancestors\":[],\"CreateTime\":\"2022-08-18T12:30:35.312Z\",\"DomainGroupMoid\":\"6273ddc07564612d30091b98\",\"ModTime\":\"2022-08-18T12:30:35.313Z\",\"Moid\":\"62fe30eb7263612d3026f2f6\",\"Owners\":[\"6273ddc07564612d30091b97\"],\"PermissionResources\":[{\"ClassId\":\"mo.MoRef\",\"Moid\":\"6273e3fd6972652d3030ae8d\",\"ObjectType\":\"organization.Organization\",\"link\":\"https://qa-intersight.thor.iws.navy.mil/api/v1/organization/Organizations/6273e3fd6972652d3030ae8d\"}],\"SharedScope\":\"\",\"Tags\":[{\"Key\":\"hx\",\"Value\":\"m4\"}]}",
            "ancestors": [],
            "class_id": "hyperflex.ClusterReplicationNetworkPolicy",
            "cluster_profiles": [],
            "create_time": "2022-08-18 12:30:35.312 +0000 UTC",
            "description": "HX Replication Network Policy",
            "domain_group_moid": "6273ddc07564612d30091b98",
            "id": "62fe30eb7263612d3026f2f6",
            "mod_time": "2022-08-18 12:30:35.313 +0000 UTC",
            "moid": "62fe30eb7263612d3026f2f6",
            "name": "dev-hx-m4_replication_network",
            "object_type": "hyperflex.ClusterReplicationNetworkPolicy",
            "organization": [
              {
                "additional_properties": "",
                "class_id": "mo.MoRef",
                "moid": "6273e3fd6972652d3030ae8d",
                "object_type": "organization.Organization",
                "selector": ""
              }
            ],
            "owners": [
              "6273ddc07564612d30091b97"
            ],
            "parent": [],
            "permission_resources": [
              {
                "additional_properties": "",
                "class_id": "mo.MoRef",
                "moid": "6273e3fd6972652d3030ae8d",
                "object_type": "organization.Organization",
                "selector": ""
              }
            ],
            "replication_bandwidth_mbps": 10000,
            "replication_ipranges": [
              {
                "additional_properties": "",
                "class_id": "hyperflex.IpAddrRange",
                "end_addr": "172.16.117.10",
                "gateway": "172.16.117.254",
                "ip_addr_blocks": [],
                "netmask": "255.255.255.0",
                "object_type": "hyperflex.IpAddrRange",
                "start_addr": "172.16.117.1"
              }
            ],
            "replication_mtu": 1500,
            "replication_vlan": [
              {
                "additional_properties": "",
                "class_id": "hyperflex.NamedVlan",
                "name": "VLAN1205",
                "object_type": "hyperflex.NamedVlan",
                "vlan_id": 1205
              }
            ],
            "shared_scope": "",
            "tags": [
              {
                "additional_properties": "",
                "key": "hx",
                "value": "m4"
              }
            ],
            "version_context": []
          },
          "sensitive_attributes": [],
          "private": "bnVsbA==",
          "dependencies": [
            "data.intersight_organization_organization.org_data"
          ]
        }
      ]
    },
    {
      "mode": "managed",
      "type": "intersight_hyperflex_cluster_storage_policy",
      "name": "hx_storage_config_policy",
      "provider": "provider[\"registry.terraform.io/ciscodevnet/intersight\"]",
      "instances": [
        {
          "schema_version": 0,
          "attributes": {
            "account_moid": "6273ddc07564612d30091b97",
            "additional_properties": "{\"AccountMoid\":\"6273ddc07564612d30091b97\",\"Ancestors\":[],\"CreateTime\":\"2022-08-18T12:30:35.264Z\",\"DomainGroupMoid\":\"6273ddc07564612d30091b98\",\"ModTime\":\"2022-08-18T15:05:34.574Z\",\"Moid\":\"62fe30eb6973682d30f84826\",\"Owners\":[\"6273ddc07564612d30091b97\"],\"PermissionResources\":[{\"ClassId\":\"mo.MoRef\",\"Moid\":\"6273e3fd6972652d3030ae8d\",\"ObjectType\":\"organization.Organization\",\"link\":\"https://qa-intersight.thor.iws.navy.mil/api/v1/organization/Organizations/6273e3fd6972652d3030ae8d\"}],\"SharedScope\":\"\",\"Tags\":[{\"Key\":\"cisco.meta.managementplatform.fi\",\"Value\":\"true\"},{\"Key\":\"cisco.meta.managementplatform.standalone\",\"Value\":\"true\"},{\"Key\":\"cisco.meta.attachableserviceobject.hyperflex.ClusterProfile\",\"Value\":\"true\"},{\"Key\":\"hx\",\"Value\":\"m4\"}]}",
            "ancestors": [],
            "class_id": "hyperflex.ClusterStoragePolicy",
            "cluster_profiles": [
              {
                "additional_properties": "",
                "class_id": "mo.MoRef",
                "moid": "62fe553e6973682d30f348d1",
                "object_type": "hyperflex.ClusterProfile",
                "selector": ""
              }
            ],
            "create_time": "2022-08-18 12:30:35.264 +0000 UTC",
            "description": "HX Storage Configuration",
            "disk_partition_cleanup": false,
            "domain_group_moid": "6273ddc07564612d30091b98",
            "id": "62fe30eb6973682d30f84826",
            "logical_avalability_zone_config": [
              {
                "additional_properties": "",
                "auto_config": false,
                "class_id": "hyperflex.LogicalAvailabilityZone",
                "object_type": "hyperflex.LogicalAvailabilityZone"
              }
            ],
            "mod_time": "2022-08-18 15:05:34.574 +0000 UTC",
            "moid": "62fe30eb6973682d30f84826",
            "name": "dev-hx-m4_storage_config",
            "object_type": "hyperflex.ClusterStoragePolicy",
            "organization": [
              {
                "additional_properties": "",
                "class_id": "mo.MoRef",
                "moid": "6273e3fd6972652d3030ae8d",
                "object_type": "organization.Organization",
                "selector": ""
              }
            ],
            "owners": [
              "6273ddc07564612d30091b97"
            ],
            "parent": [],
            "permission_resources": [
              {
                "additional_properties": "",
                "class_id": "mo.MoRef",
                "moid": "6273e3fd6972652d3030ae8d",
                "object_type": "organization.Organization",
                "selector": ""
              }
            ],
            "shared_scope": "",
            "tags": [
              {
                "additional_properties": "",
                "key": "cisco.meta.managementplatform.fi",
                "value": "true"
              },
              {
                "additional_properties": "",
                "key": "cisco.meta.managementplatform.standalone",
                "value": "true"
              },
              {
                "additional_properties": "",
                "key": "cisco.meta.attachableserviceobject.hyperflex.ClusterProfile",
                "value": "true"
              },
              {
                "additional_properties": "",
                "key": "hx",
                "value": "m4"
              }
            ],
            "vdi_optimization": false,
            "version_context": []
          },
          "sensitive_attributes": [],
          "private": "bnVsbA==",
          "dependencies": [
            "data.intersight_organization_organization.org_data"
          ]
        }
      ]
    },
    {
      "mode": "managed",
      "type": "intersight_hyperflex_ext_fc_storage_policy",
      "name": "hx_ext_fc_storage_policy",
      "provider": "provider[\"registry.terraform.io/ciscodevnet/intersight\"]",
      "instances": [
        {
          "schema_version": 0,
          "attributes": {
            "account_moid": "6273ddc07564612d30091b97",
            "additional_properties": "{\"AccountMoid\":\"6273ddc07564612d30091b97\",\"Ancestors\":[],\"CreateTime\":\"2022-08-18T12:30:35.31Z\",\"DomainGroupMoid\":\"6273ddc07564612d30091b98\",\"ModTime\":\"2022-08-18T15:05:34.231Z\",\"Moid\":\"62fe30eb6973682d30f84830\",\"Owners\":[\"6273ddc07564612d30091b97\"],\"PermissionResources\":[{\"ClassId\":\"mo.MoRef\",\"Moid\":\"6273e3fd6972652d3030ae8d\",\"ObjectType\":\"organization.Organization\",\"link\":\"https://qa-intersight.thor.iws.navy.mil/api/v1/organization/Organizations/6273e3fd6972652d3030ae8d\"}],\"SharedScope\":\"\",\"Tags\":[{\"Key\":\"cisco.meta.managementplatform.fi\",\"Value\":\"true\"},{\"Key\":\"cisco.meta.attachableserviceobject.hyperflex.ClusterProfile\",\"Value\":\"true\"},{\"Key\":\"hx\",\"Value\":\"m4\"}]}",
            "admin_state": false,
            "ancestors": [],
            "class_id": "hyperflex.ExtFcStoragePolicy",
            "cluster_profiles": [],
            "create_time": "2022-08-18 12:30:35.31 +0000 UTC",
            "description": "External FC Storage Policy",
            "domain_group_moid": "6273ddc07564612d30091b98",
            "exta_traffic": [
              {
                "additional_properties": "",
                "class_id": "hyperflex.NamedVsan",
                "name": "VSAN1",
                "object_type": "hyperflex.NamedVsan",
                "vsan_id": 1
              }
            ],
            "extb_traffic": [
              {
                "additional_properties": "",
                "class_id": "hyperflex.NamedVsan",
                "name": "VSAN1",
                "object_type": "hyperflex.NamedVsan",
                "vsan_id": 1
              }
            ],
            "id": "62fe30eb6973682d30f84830",
            "mod_time": "2022-08-18 15:05:34.231 +0000 UTC",
            "moid": "62fe30eb6973682d30f84830",
            "name": "dev-hx-m4_ext_fc_storage",
            "object_type": "hyperflex.ExtFcStoragePolicy",
            "organization": [
              {
                "additional_properties": "",
                "class_id": "mo.MoRef",
                "moid": "6273e3fd6972652d3030ae8d",
                "object_type": "organization.Organization",
                "selector": ""
              }
            ],
            "owners": [
              "6273ddc07564612d30091b97"
            ],
            "parent": [],
            "permission_resources": [
              {
                "additional_properties": "",
                "class_id": "mo.MoRef",
                "moid": "6273e3fd6972652d3030ae8d",
                "object_type": "organization.Organization",
                "selector": ""
              }
            ],
            "shared_scope": "",
            "tags": [
              {
                "additional_properties": "",
                "key": "cisco.meta.managementplatform.fi",
                "value": "true"
              },
              {
                "additional_properties": "",
                "key": "cisco.meta.attachableserviceobject.hyperflex.ClusterProfile",
                "value": "true"
              },
              {
                "additional_properties": "",
                "key": "hx",
                "value": "m4"
              }
            ],
            "version_context": [],
            "wwxn_prefix_range": [
              {
                "additional_properties": "",
                "class_id": "hyperflex.WwxnPrefixRange",
                "end_addr": "20:00:00:25:B5:EF",
                "object_type": "hyperflex.WwxnPrefixRange",
                "start_addr": "20:00:00:25:B5:AA"
              }
            ]
          },
          "sensitive_attributes": [],
          "private": "bnVsbA==",
          "dependencies": [
            "data.intersight_organization_organization.org_data"
          ]
        }
      ]
    },
    {
      "mode": "managed",
      "type": "intersight_hyperflex_ext_iscsi_storage_policy",
      "name": "hx_ext_iscsi_policy",
      "provider": "provider[\"registry.terraform.io/ciscodevnet/intersight\"]",
      "instances": [
        {
          "schema_version": 0,
          "attributes": {
            "account_moid": "6273ddc07564612d30091b97",
            "additional_properties": "{\"AccountMoid\":\"6273ddc07564612d30091b97\",\"Ancestors\":[],\"CreateTime\":\"2022-08-18T12:30:35.444Z\",\"DomainGroupMoid\":\"6273ddc07564612d30091b98\",\"ModTime\":\"2022-08-18T12:33:21.603Z\",\"Moid\":\"62fe30eb6973682d30f84845\",\"Owners\":[\"6273ddc07564612d30091b97\"],\"PermissionResources\":[{\"ClassId\":\"mo.MoRef\",\"Moid\":\"6273e3fd6972652d3030ae8d\",\"ObjectType\":\"organization.Organization\",\"link\":\"https://qa-intersight.thor.iws.navy.mil/api/v1/organization/Organizations/6273e3fd6972652d3030ae8d\"}],\"SharedScope\":\"\",\"Tags\":[{\"Key\":\"cisco.meta.managementplatform.fi\",\"Value\":\"true\"},{\"Key\":\"cisco.meta.attachableserviceobject.hyperflex.ClusterProfile\",\"Value\":\"true\"},{\"Key\":\"hx\",\"Value\":\"m4\"}]}",
            "admin_state": false,
            "ancestors": [],
            "class_id": "hyperflex.ExtIscsiStoragePolicy",
            "cluster_profiles": [],
            "create_time": "2022-08-18 12:30:35.444 +0000 UTC",
            "description": "HX Ext iSCSI Storage Policy",
            "domain_group_moid": "6273ddc07564612d30091b98",
            "exta_traffic": [
              {
                "additional_properties": "",
                "class_id": "hyperflex.NamedVlan",
                "name": "VLAN1",
                "object_type": "hyperflex.NamedVlan",
                "vlan_id": 1
              }
            ],
            "extb_traffic": [
              {
                "additional_properties": "",
                "class_id": "hyperflex.NamedVlan",
                "name": "VLAN1",
                "object_type": "hyperflex.NamedVlan",
                "vlan_id": 1
              }
            ],
            "id": "62fe30eb6973682d30f84845",
            "mod_time": "2022-08-18 12:33:21.603 +0000 UTC",
            "moid": "62fe30eb6973682d30f84845",
            "name": "dev-hx-m4_ext_iscsi_storage",
            "object_type": "hyperflex.ExtIscsiStoragePolicy",
            "organization": [
              {
                "additional_properties": "",
                "class_id": "mo.MoRef",
                "moid": "6273e3fd6972652d3030ae8d",
                "object_type": "organization.Organization",
                "selector": ""
              }
            ],
            "owners": [
              "6273ddc07564612d30091b97"
            ],
            "parent": [],
            "permission_resources": [
              {
                "additional_properties": "",
                "class_id": "mo.MoRef",
                "moid": "6273e3fd6972652d3030ae8d",
                "object_type": "organization.Organization",
                "selector": ""
              }
            ],
            "shared_scope": "",
            "tags": [
              {
                "additional_properties": "",
                "key": "cisco.meta.managementplatform.fi",
                "value": "true"
              },
              {
                "additional_properties": "",
                "key": "cisco.meta.attachableserviceobject.hyperflex.ClusterProfile",
                "value": "true"
              },
              {
                "additional_properties": "",
                "key": "hx",
                "value": "m4"
              }
            ],
            "version_context": []
          },
          "sensitive_attributes": [],
          "private": "bnVsbA==",
          "dependencies": [
            "data.intersight_organization_organization.org_data"
          ]
        }
      ]
    },
    {
      "mode": "managed",
      "type": "intersight_hyperflex_local_credential_policy",
      "name": "hx_local_credential_policy",
      "provider": "provider[\"registry.terraform.io/ciscodevnet/intersight\"]",
      "instances": [
        {
          "schema_version": 0,
          "attributes": {
            "account_moid": "6273ddc07564612d30091b97",
            "additional_properties": "{\"AccountMoid\":\"6273ddc07564612d30091b97\",\"Ancestors\":[],\"CreateTime\":\"2022-08-18T12:30:35.199Z\",\"DomainGroupMoid\":\"6273ddc07564612d30091b98\",\"ModTime\":\"2022-08-18T15:05:34.58Z\",\"Moid\":\"62fe30ea6973682d30f84816\",\"Owners\":[\"6273ddc07564612d30091b97\"],\"PermissionResources\":[{\"ClassId\":\"mo.MoRef\",\"Moid\":\"6273e3fd6972652d3030ae8d\",\"ObjectType\":\"organization.Organization\",\"link\":\"https://qa-intersight.thor.iws.navy.mil/api/v1/organization/Organizations/6273e3fd6972652d3030ae8d\"}],\"SharedScope\":\"\",\"Tags\":[{\"Key\":\"cisco.meta.managementplatform.fi\",\"Value\":\"true\"},{\"Key\":\"cisco.meta.managementplatform.standalone\",\"Value\":\"true\"},{\"Key\":\"cisco.meta.attachableserviceobject.hyperflex.ClusterProfile\",\"Value\":\"true\"},{\"Key\":\"cisco.meta.config.expansion\",\"Value\":\"true\"},{\"Key\":\"hx\",\"Value\":\"m4\"}]}",
            "ancestors": [],
            "class_id": "hyperflex.LocalCredentialPolicy",
            "cluster_profiles": [
              {
                "additional_properties": "",
                "class_id": "mo.MoRef",
                "moid": "62fe553e6973682d30f348d1",
                "object_type": "hyperflex.ClusterProfile",
                "selector": ""
              }
            ],
            "create_time": "2022-08-18 12:30:35.199 +0000 UTC",
            "description": "HX Local Credentials Policy",
            "domain_group_moid": "6273ddc07564612d30091b98",
            "factory_hypervisor_password": true,
            "hxdp_root_pwd": "DEVP@ssw0rd",
            "hypervisor_admin": "root",
            "hypervisor_admin_pwd": "DEVP@ssw0rd",
            "id": "62fe30ea6973682d30f84816",
            "is_deployment_private_key_set": true,
            "is_hxdp_root_pwd_set": true,
            "is_hypervisor_admin_pwd_set": true,
            "mod_time": "2022-08-18 15:05:34.58 +0000 UTC",
            "moid": "62fe30ea6973682d30f84816",
            "name": "dev-hx-m4_security_config",
            "object_type": "hyperflex.LocalCredentialPolicy",
            "organization": [
              {
                "additional_properties": "",
                "class_id": "mo.MoRef",
                "moid": "6273e3fd6972652d3030ae8d",
                "object_type": "organization.Organization",
                "selector": ""
              }
            ],
            "owners": [
              "6273ddc07564612d30091b97"
            ],
            "parent": [],
            "permission_resources": [
              {
                "additional_properties": "",
                "class_id": "mo.MoRef",
                "moid": "6273e3fd6972652d3030ae8d",
                "object_type": "organization.Organization",
                "selector": ""
              }
            ],
            "shared_scope": "",
            "tags": [
              {
                "additional_properties": "",
                "key": "cisco.meta.managementplatform.fi",
                "value": "true"
              },
              {
                "additional_properties": "",
                "key": "cisco.meta.managementplatform.standalone",
                "value": "true"
              },
              {
                "additional_properties": "",
                "key": "cisco.meta.attachableserviceobject.hyperflex.ClusterProfile",
                "value": "true"
              },
              {
                "additional_properties": "",
                "key": "cisco.meta.config.expansion",
                "value": "true"
              },
              {
                "additional_properties": "",
                "key": "hx",
                "value": "m4"
              }
            ],
            "version_context": []
          },
          "sensitive_attributes": [],
          "private": "bnVsbA==",
          "dependencies": [
            "data.intersight_organization_organization.org_data"
          ]
        }
      ]
    },
    {
      "mode": "managed",
      "type": "intersight_hyperflex_node_config_policy",
      "name": "hx_node_config_policy",
      "provider": "provider[\"registry.terraform.io/ciscodevnet/intersight\"]",
      "instances": [
        {
          "schema_version": 0,
          "attributes": {
            "account_moid": "6273ddc07564612d30091b97",
            "additional_properties": "{\"AccountMoid\":\"6273ddc07564612d30091b97\",\"Ancestors\":[],\"CreateTime\":\"2022-08-18T12:30:35.378Z\",\"DomainGroupMoid\":\"6273ddc07564612d30091b98\",\"ModTime\":\"2022-08-18T15:05:34.572Z\",\"Moid\":\"62fe30eb6973682d30f8483a\",\"Owners\":[\"6273ddc07564612d30091b97\"],\"PermissionResources\":[{\"ClassId\":\"mo.MoRef\",\"Moid\":\"6273e3fd6972652d3030ae8d\",\"ObjectType\":\"organization.Organization\",\"link\":\"https://qa-intersight.thor.iws.navy.mil/api/v1/organization/Organizations/6273e3fd6972652d3030ae8d\"}],\"SharedScope\":\"\",\"Tags\":[{\"Key\":\"cisco.meta.managementplatform.fi\",\"Value\":\"true\"},{\"Key\":\"cisco.meta.managementplatform.standalone\",\"Value\":\"true\"},{\"Key\":\"cisco.meta.attachableserviceobject.hyperflex.ClusterProfile\",\"Value\":\"true\"},{\"Key\":\"cisco.meta.config.expansion\",\"Value\":\"true\"},{\"Key\":\"hx\",\"Value\":\"m4\"}]}",
            "ancestors": [],
            "class_id": "hyperflex.NodeConfigPolicy",
            "cluster_profiles": [
              {
                "additional_properties": "",
                "class_id": "mo.MoRef",
                "moid": "62fe553e6973682d30f348d1",
                "object_type": "hyperflex.ClusterProfile",
                "selector": ""
              }
            ],
            "create_time": "2022-08-18 12:30:35.378 +0000 UTC",
            "data_ip_range": [
              {
                "additional_properties": "",
                "class_id": "hyperflex.IpAddrRange",
                "end_addr": "169.254.1.252",
                "gateway": "169.254.1.254",
                "ip_addr_blocks": [
                  {
                    "additional_properties": "",
                    "class_id": "comm.IpV4AddressBlock",
                    "end_address": "169.254.1.252",
                    "object_type": "comm.IpV4AddressBlock",
                    "start_address": "169.254.1.2"
                  }
                ],
                "netmask": "255.255.255.0",
                "object_type": "hyperflex.IpAddrRange",
                "start_addr": "169.254.1.2"
              }
            ],
            "description": "HX Node Config Policy",
            "domain_group_moid": "6273ddc07564612d30091b98",
            "hxdp_ip_range": [
              {
                "additional_properties": "",
                "class_id": "hyperflex.IpAddrRange",
                "end_addr": "172.16.114.13",
                "gateway": "172.16.115.254",
                "ip_addr_blocks": [
                  {
                    "additional_properties": "",
                    "class_id": "comm.IpV4AddressBlock",
                    "end_address": "172.16.114.13",
                    "object_type": "comm.IpV4AddressBlock",
                    "start_address": "172.16.114.11"
                  }
                ],
                "netmask": "255.255.240.0",
                "object_type": "hyperflex.IpAddrRange",
                "start_addr": "172.16.114.11"
              }
            ],
            "hypervisor_control_ip_range": [
              {
                "additional_properties": "",
                "class_id": "hyperflex.IpAddrRange",
                "end_addr": "",
                "gateway": "",
                "ip_addr_blocks": [],
                "netmask": "",
                "object_type": "hyperflex.IpAddrRange",
                "start_addr": ""
              }
            ],
            "id": "62fe30eb6973682d30f8483a",
            "mgmt_ip_range": [
              {
                "additional_properties": "",
                "class_id": "hyperflex.IpAddrRange",
                "end_addr": "172.16.115.13",
                "gateway": "172.16.115.254",
                "ip_addr_blocks": [
                  {
                    "additional_properties": "",
                    "class_id": "comm.IpV4AddressBlock",
                    "end_address": "172.16.115.13",
                    "object_type": "comm.IpV4AddressBlock",
                    "start_address": "172.16.115.11"
                  }
                ],
                "netmask": "255.255.240.0",
                "object_type": "hyperflex.IpAddrRange",
                "start_addr": "172.16.115.11"
              }
            ],
            "mod_time": "2022-08-18 15:05:34.572 +0000 UTC",
            "moid": "62fe30eb6973682d30f8483a",
            "name": "dev-hx-m4_node_config",
            "node_name_prefix": "dev-hx-m4",
            "object_type": "hyperflex.NodeConfigPolicy",
            "organization": [
              {
                "additional_properties": "",
                "class_id": "mo.MoRef",
                "moid": "6273e3fd6972652d3030ae8d",
                "object_type": "organization.Organization",
                "selector": ""
              }
            ],
            "owners": [
              "6273ddc07564612d30091b97"
            ],
            "parent": [],
            "permission_resources": [
              {
                "additional_properties": "",
                "class_id": "mo.MoRef",
                "moid": "6273e3fd6972652d3030ae8d",
                "object_type": "organization.Organization",
                "selector": ""
              }
            ],
            "shared_scope": "",
            "tags": [
              {
                "additional_properties": "",
                "key": "cisco.meta.managementplatform.fi",
                "value": "true"
              },
              {
                "additional_properties": "",
                "key": "cisco.meta.managementplatform.standalone",
                "value": "true"
              },
              {
                "additional_properties": "",
                "key": "cisco.meta.attachableserviceobject.hyperflex.ClusterProfile",
                "value": "true"
              },
              {
                "additional_properties": "",
                "key": "cisco.meta.config.expansion",
                "value": "true"
              },
              {
                "additional_properties": "",
                "key": "hx",
                "value": "m4"
              }
            ],
            "version_context": []
          },
          "sensitive_attributes": [],
          "private": "bnVsbA==",
          "dependencies": [
            "data.intersight_organization_organization.org_data"
          ]
        }
      ]
    },
    {
      "mode": "managed",
      "type": "intersight_hyperflex_proxy_setting_policy",
      "name": "hx_proxy_setting_policy",
      "provider": "provider[\"registry.terraform.io/ciscodevnet/intersight\"]",
      "instances": [
        {
          "schema_version": 0,
          "attributes": {
            "account_moid": "6273ddc07564612d30091b97",
            "additional_properties": "{\"AccountMoid\":\"6273ddc07564612d30091b97\",\"Ancestors\":[],\"CreateTime\":\"2022-08-18T12:30:35.575Z\",\"DomainGroupMoid\":\"6273ddc07564612d30091b98\",\"ModTime\":\"2022-08-18T15:05:34.573Z\",\"Moid\":\"62fe30eb6973682d30f8484f\",\"Owners\":[\"6273ddc07564612d30091b97\"],\"PermissionResources\":[{\"ClassId\":\"mo.MoRef\",\"Moid\":\"6273e3fd6972652d3030ae8d\",\"ObjectType\":\"organization.Organization\",\"link\":\"https://qa-intersight.thor.iws.navy.mil/api/v1/organization/Organizations/6273e3fd6972652d3030ae8d\"}],\"SharedScope\":\"\",\"Tags\":[{\"Key\":\"cisco.meta.managementplatform.fi\",\"Value\":\"true\"},{\"Key\":\"cisco.meta.managementplatform.standalone\",\"Value\":\"true\"},{\"Key\":\"cisco.meta.attachableserviceobject.hyperflex.ClusterProfile\",\"Value\":\"true\"},{\"Key\":\"cisco.meta.config.expansion\",\"Value\":\"true\"},{\"Key\":\"hx\",\"Value\":\"m4\"}]}",
            "ancestors": [],
            "class_id": "hyperflex.ProxySettingPolicy",
            "cluster_profiles": [
              {
                "additional_properties": "",
                "class_id": "mo.MoRef",
                "moid": "62fe553e6973682d30f348d1",
                "object_type": "hyperflex.ClusterProfile",
                "selector": ""
              }
            ],
            "create_time": "2022-08-18 12:30:35.575 +0000 UTC",
            "description": "HX Proxy Settings",
            "domain_group_moid": "6273ddc07564612d30091b98",
            "hostname": "172.172.172.172",
            "id": "62fe30eb6973682d30f8484f",
            "is_password_set": true,
            "mod_time": "2022-08-18 15:05:34.573 +0000 UTC",
            "moid": "62fe30eb6973682d30f8484f",
            "name": "dev-hx-m4_proxy_settings",
            "object_type": "hyperflex.ProxySettingPolicy",
            "organization": [
              {
                "additional_properties": "",
                "class_id": "mo.MoRef",
                "moid": "6273e3fd6972652d3030ae8d",
                "object_type": "organization.Organization",
                "selector": ""
              }
            ],
            "owners": [
              "6273ddc07564612d30091b97"
            ],
            "parent": [],
            "password": "password",
            "permission_resources": [
              {
                "additional_properties": "",
                "class_id": "mo.MoRef",
                "moid": "6273e3fd6972652d3030ae8d",
                "object_type": "organization.Organization",
                "selector": ""
              }
            ],
            "port": 80,
            "shared_scope": "",
            "tags": [
              {
                "additional_properties": "",
                "key": "cisco.meta.managementplatform.fi",
                "value": "true"
              },
              {
                "additional_properties": "",
                "key": "cisco.meta.managementplatform.standalone",
                "value": "true"
              },
              {
                "additional_properties": "",
                "key": "cisco.meta.attachableserviceobject.hyperflex.ClusterProfile",
                "value": "true"
              },
              {
                "additional_properties": "",
                "key": "cisco.meta.config.expansion",
                "value": "true"
              },
              {
                "additional_properties": "",
                "key": "hx",
                "value": "m4"
              }
            ],
            "username": "admin",
            "version_context": []
          },
          "sensitive_attributes": [],
          "private": "bnVsbA==",
          "dependencies": [
            "data.intersight_organization_organization.org_data"
          ]
        }
      ]
    },
    {
      "mode": "managed",
      "type": "intersight_hyperflex_software_version_policy",
      "name": "hx_software_version_policy",
      "provider": "provider[\"registry.terraform.io/ciscodevnet/intersight\"]",
      "instances": [
        {
          "schema_version": 0,
          "attributes": {
            "account_moid": "6273ddc07564612d30091b97",
            "additional_properties": "{\"AccountMoid\":\"6273ddc07564612d30091b97\",\"Ancestors\":[],\"CreateTime\":\"2022-08-18T15:05:34.204Z\",\"DomainGroupMoid\":\"6273ddc07564612d30091b98\",\"ModTime\":\"2022-08-18T16:03:21.159Z\",\"Moid\":\"62fe553e6973682d30f348c6\",\"Owners\":[\"6273ddc07564612d30091b97\"],\"PermissionResources\":[{\"ClassId\":\"mo.MoRef\",\"Moid\":\"6273e3fd6972652d3030ae8d\",\"ObjectType\":\"organization.Organization\",\"link\":\"https://qa-intersight.thor.iws.navy.mil/api/v1/organization/Organizations/6273e3fd6972652d3030ae8d\"}],\"SharedScope\":\"\",\"Tags\":[{\"Key\":\"cisco.meta.managementplatform.standalone\",\"Value\":\"true\"},{\"Key\":\"cisco.meta.attachableserviceobject.hyperflex.ClusterProfile\",\"Value\":\"true\"},{\"Key\":\"cisco.meta.config.expansion\",\"Value\":\"true\"},{\"Key\":\"hx\",\"Value\":\"m4\"}]}",
            "ancestors": [],
            "class_id": "hyperflex.SoftwareVersionPolicy",
            "cluster_profiles": [
              {
                "additional_properties": "",
                "class_id": "mo.MoRef",
                "moid": "62fe553e6973682d30f348d1",
                "object_type": "hyperflex.ClusterProfile",
                "selector": ""
              }
            ],
            "create_time": "2022-08-18 15:05:34.204 +0000 UTC",
            "description": "HX Software Version Policy",
            "domain_group_moid": "6273ddc07564612d30091b98",
            "hxdp_version": "4.5(2b)",
            "hxdp_version_info": [],
            "hypervisor_version": "",
            "hypervisor_version_info": [],
            "id": "62fe553e6973682d30f348c6",
            "mod_time": "2022-08-18 16:03:21.159 +0000 UTC",
            "moid": "62fe553e6973682d30f348c6",
            "name": "dev-hx-m4_software_version",
            "object_type": "hyperflex.SoftwareVersionPolicy",
            "organization": [
              {
                "additional_properties": "",
                "class_id": "mo.MoRef",
                "moid": "6273e3fd6972652d3030ae8d",
                "object_type": "organization.Organization",
                "selector": ""
              }
            ],
            "owners": [
              "6273ddc07564612d30091b97"
            ],
            "parent": [],
            "permission_resources": [
              {
                "additional_properties": "",
                "class_id": "mo.MoRef",
                "moid": "6273e3fd6972652d3030ae8d",
                "object_type": "organization.Organization",
                "selector": ""
              }
            ],
            "server_firmware_version": "",
            "server_firmware_version_info": [],
            "server_firmware_versions": [],
            "shared_scope": "",
            "tags": [
              {
                "additional_properties": "",
                "key": "cisco.meta.managementplatform.standalone",
                "value": "true"
              },
              {
                "additional_properties": "",
                "key": "cisco.meta.attachableserviceobject.hyperflex.ClusterProfile",
                "value": "true"
              },
              {
                "additional_properties": "",
                "key": "cisco.meta.config.expansion",
                "value": "true"
              },
              {
                "additional_properties": "",
                "key": "hx",
                "value": "m4"
              }
            ],
            "upgrade_types": [],
            "version_context": []
          },
          "sensitive_attributes": [],
          "private": "bnVsbA==",
          "dependencies": [
            "data.intersight_organization_organization.org_data"
          ]
        }
      ]
    },
    {
      "mode": "managed",
      "type": "intersight_hyperflex_sys_config_policy",
      "name": "hx_sys_config_policy",
      "provider": "provider[\"registry.terraform.io/ciscodevnet/intersight\"]",
      "instances": [
        {
          "schema_version": 0,
          "attributes": {
            "account_moid": "6273ddc07564612d30091b97",
            "additional_properties": "{\"AccountMoid\":\"6273ddc07564612d30091b97\",\"Ancestors\":[],\"CreateTime\":\"2022-08-18T12:30:35.287Z\",\"DomainGroupMoid\":\"6273ddc07564612d30091b98\",\"ModTime\":\"2022-08-18T15:05:34.573Z\",\"Moid\":\"62fe30eb6973682d30f8482b\",\"Owners\":[\"6273ddc07564612d30091b97\"],\"PermissionResources\":[{\"ClassId\":\"mo.MoRef\",\"Moid\":\"6273e3fd6972652d3030ae8d\",\"ObjectType\":\"organization.Organization\",\"link\":\"https://qa-intersight.thor.iws.navy.mil/api/v1/organization/Organizations/6273e3fd6972652d3030ae8d\"}],\"SharedScope\":\"\",\"Tags\":[{\"Key\":\"cisco.meta.managementplatform.fi\",\"Value\":\"true\"},{\"Key\":\"cisco.meta.managementplatform.standalone\",\"Value\":\"true\"},{\"Key\":\"cisco.meta.attachableserviceobject.hyperflex.ClusterProfile\",\"Value\":\"true\"},{\"Key\":\"hx\",\"Value\":\"m4\"}]}",
            "ancestors": [],
            "class_id": "hyperflex.SysConfigPolicy",
            "cluster_profiles": [
              {
                "additional_properties": "",
                "class_id": "mo.MoRef",
                "moid": "62fe553e6973682d30f348d1",
                "object_type": "hyperflex.ClusterProfile",
                "selector": ""
              }
            ],
            "create_time": "2022-08-18 12:30:35.287 +0000 UTC",
            "description": "HX Sys Config Policy",
            "dns_domain_name": "thor.iws.navy.mil",
            "dns_servers": [
              "172.16.20.101"
            ],
            "domain_group_moid": "6273ddc07564612d30091b98",
            "id": "62fe30eb6973682d30f8482b",
            "mod_time": "2022-08-18 15:05:34.573 +0000 UTC",
            "moid": "62fe30eb6973682d30f8482b",
            "name": "dev-hx-m4_sys_config",
            "ntp_servers": [
              "172.20.1.254"
            ],
            "object_type": "hyperflex.SysConfigPolicy",
            "organization": [
              {
                "additional_properties": "",
                "class_id": "mo.MoRef",
                "moid": "6273e3fd6972652d3030ae8d",
                "object_type": "organization.Organization",
                "selector": ""
              }
            ],
            "owners": [
              "6273ddc07564612d30091b97"
            ],
            "parent": [],
            "permission_resources": [
              {
                "additional_properties": "",
                "class_id": "mo.MoRef",
                "moid": "6273e3fd6972652d3030ae8d",
                "object_type": "organization.Organization",
                "selector": ""
              }
            ],
            "shared_scope": "",
            "tags": [
              {
                "additional_properties": "",
                "key": "cisco.meta.managementplatform.fi",
                "value": "true"
              },
              {
                "additional_properties": "",
                "key": "cisco.meta.managementplatform.standalone",
                "value": "true"
              },
              {
                "additional_properties": "",
                "key": "cisco.meta.attachableserviceobject.hyperflex.ClusterProfile",
                "value": "true"
              },
              {
                "additional_properties": "",
                "key": "hx",
                "value": "m4"
              }
            ],
            "timezone": "America/New_York",
            "version_context": []
          },
          "sensitive_attributes": [],
          "private": "bnVsbA==",
          "dependencies": [
            "data.intersight_organization_organization.org_data"
          ]
        }
      ]
    },
    {
      "mode": "managed",
      "type": "intersight_hyperflex_vcenter_config_policy",
      "name": "hx_vcenter_policy",
      "provider": "provider[\"registry.terraform.io/ciscodevnet/intersight\"]",
      "instances": [
        {
          "schema_version": 0,
          "attributes": {
            "account_moid": "6273ddc07564612d30091b97",
            "additional_properties": "{\"AccountMoid\":\"6273ddc07564612d30091b97\",\"Ancestors\":[],\"CreateTime\":\"2022-08-18T12:30:35.419Z\",\"DomainGroupMoid\":\"6273ddc07564612d30091b98\",\"ModTime\":\"2022-08-18T15:05:34.571Z\",\"Moid\":\"62fe30eb6973682d30f8483f\",\"Owners\":[\"6273ddc07564612d30091b97\"],\"PermissionResources\":[{\"ClassId\":\"mo.MoRef\",\"Moid\":\"6273e3fd6972652d3030ae8d\",\"ObjectType\":\"organization.Organization\",\"link\":\"https://qa-intersight.thor.iws.navy.mil/api/v1/organization/Organizations/6273e3fd6972652d3030ae8d\"}],\"SharedScope\":\"\",\"Tags\":[{\"Key\":\"cisco.meta.managementplatform.fi\",\"Value\":\"true\"},{\"Key\":\"cisco.meta.managementplatform.standalone\",\"Value\":\"true\"},{\"Key\":\"cisco.meta.attachableserviceobject.hyperflex.ClusterProfile\",\"Value\":\"true\"},{\"Key\":\"cisco.meta.config.expansion\",\"Value\":\"true\"},{\"Key\":\"hx\",\"Value\":\"m4\"}]}",
            "ancestors": [],
            "class_id": "hyperflex.VcenterConfigPolicy",
            "cluster_profiles": [
              {
                "additional_properties": "",
                "class_id": "mo.MoRef",
                "moid": "62fe553e6973682d30f348d1",
                "object_type": "hyperflex.ClusterProfile",
                "selector": ""
              }
            ],
            "create_time": "2022-08-18 12:30:35.419 +0000 UTC",
            "data_center": "HX-DEV",
            "description": "HX vCenter Config Policy",
            "domain_group_moid": "6273ddc07564612d30091b98",
            "hostname": "172.16.10.241",
            "id": "62fe30eb6973682d30f8483f",
            "is_password_set": true,
            "mod_time": "2022-08-18 15:05:34.571 +0000 UTC",
            "moid": "62fe30eb6973682d30f8483f",
            "name": "dev-hx-m4_vcenter_config",
            "object_type": "hyperflex.VcenterConfigPolicy",
            "organization": [
              {
                "additional_properties": "",
                "class_id": "mo.MoRef",
                "moid": "6273e3fd6972652d3030ae8d",
                "object_type": "organization.Organization",
                "selector": ""
              }
            ],
            "owners": [
              "6273ddc07564612d30091b97"
            ],
            "parent": [],
            "password": "DEVP@ssw0rd",
            "permission_resources": [
              {
                "additional_properties": "",
                "class_id": "mo.MoRef",
                "moid": "6273e3fd6972652d3030ae8d",
                "object_type": "organization.Organization",
                "selector": ""
              }
            ],
            "shared_scope": "",
            "sso_url": "",
            "tags": [
              {
                "additional_properties": "",
                "key": "cisco.meta.managementplatform.fi",
                "value": "true"
              },
              {
                "additional_properties": "",
                "key": "cisco.meta.managementplatform.standalone",
                "value": "true"
              },
              {
                "additional_properties": "",
                "key": "cisco.meta.attachableserviceobject.hyperflex.ClusterProfile",
                "value": "true"
              },
              {
                "additional_properties": "",
                "key": "cisco.meta.config.expansion",
                "value": "true"
              },
              {
                "additional_properties": "",
                "key": "hx",
                "value": "m4"
              }
            ],
            "username": "administrator@vsphere.local",
            "version_context": []
          },
          "sensitive_attributes": [],
          "private": "bnVsbA==",
          "dependencies": [
            "data.intersight_organization_organization.org_data"
          ]
        }
      ]
    }
  ]
}
